// !$*UTF8*$!
{
	archiveVersion = 1;
	classes = {
	};
	objectVersion = 56;
	objects = {

/* Begin PBXBuildFile section */
		17F9329B2A864904000B2472 /* AppDelegate.swift in Sources */ = {isa = PBXBuildFile; fileRef = 17F9329A2A864904000B2472 /* AppDelegate.swift */; };
		17F9329D2A864904000B2472 /* SceneDelegate.swift in Sources */ = {isa = PBXBuildFile; fileRef = 17F9329C2A864904000B2472 /* SceneDelegate.swift */; };
		17F9329F2A864904000B2472 /* ViewController.swift in Sources */ = {isa = PBXBuildFile; fileRef = 17F9329E2A864904000B2472 /* ViewController.swift */; };
		17F932A22A864904000B2472 /* Main.storyboard in Resources */ = {isa = PBXBuildFile; fileRef = 17F932A02A864904000B2472 /* Main.storyboard */; };
		17F932A42A864905000B2472 /* Assets.xcassets in Resources */ = {isa = PBXBuildFile; fileRef = 17F932A32A864905000B2472 /* Assets.xcassets */; };
		17F932A72A864905000B2472 /* LaunchScreen.storyboard in Resources */ = {isa = PBXBuildFile; fileRef = 17F932A52A864905000B2472 /* LaunchScreen.storyboard */; };
		17F932B02A8657FE000B2472 /* Kingfisher in Frameworks */ = {isa = PBXBuildFile; productRef = 17F932AF2A8657FE000B2472 /* Kingfisher */; };
		17F932B32A86580F000B2472 /* Alamofire in Frameworks */ = {isa = PBXBuildFile; productRef = 17F932B22A86580F000B2472 /* Alamofire */; };
		17F932B62A86581E000B2472 /* SwiftyJSON in Frameworks */ = {isa = PBXBuildFile; productRef = 17F932B52A86581E000B2472 /* SwiftyJSON */; };
		17F932B92A86590E000B2472 /* TrendingTableViewCell.swift in Sources */ = {isa = PBXBuildFile; fileRef = 17F932B72A86590E000B2472 /* TrendingTableViewCell.swift */; };
		17F932BA2A86590E000B2472 /* TrendingTableViewCell.xib in Resources */ = {isa = PBXBuildFile; fileRef = 17F932B82A86590E000B2472 /* TrendingTableViewCell.xib */; };
		17F932BC2A865FF6000B2472 /* TrendingMovieModel.swift in Sources */ = {isa = PBXBuildFile; fileRef = 17F932BB2A865FF6000B2472 /* TrendingMovieModel.swift */; };
		17F932C02A8663B1000B2472 /* TrendingMovieViewController.swift in Sources */ = {isa = PBXBuildFile; fileRef = 17F932BF2A8663B1000B2472 /* TrendingMovieViewController.swift */; };
		17F932C22A86659E000B2472 /* .gitignore in Resources */ = {isa = PBXBuildFile; fileRef = 17F932C12A86659E000B2472 /* .gitignore */; };
		17F932C42A8665BF000B2472 /* APIKeys.swift in Sources */ = {isa = PBXBuildFile; fileRef = 17F932C32A8665BF000B2472 /* APIKeys.swift */; };
		17F932C82A866FB6000B2472 /* CreditViewController.swift in Sources */ = {isa = PBXBuildFile; fileRef = 17F932C72A866FB6000B2472 /* CreditViewController.swift */; };
		17F932CA2A87188D000B2472 /* CreditDataModel.swift in Sources */ = {isa = PBXBuildFile; fileRef = 17F932C92A87188D000B2472 /* CreditDataModel.swift */; };
		17F932CD2A871904000B2472 /* CreditTableViewCell.swift in Sources */ = {isa = PBXBuildFile; fileRef = 17F932CB2A871904000B2472 /* CreditTableViewCell.swift */; };
		17F932CE2A871904000B2472 /* CreditTableViewCell.xib in Resources */ = {isa = PBXBuildFile; fileRef = 17F932CC2A871904000B2472 /* CreditTableViewCell.xib */; };
		17F932D52A876848000B2472 /* EndPoint.swift in Sources */ = {isa = PBXBuildFile; fileRef = 17F932D42A876848000B2472 /* EndPoint.swift */; };
		17F932D92A876AFF000B2472 /* TMDBAPIManager.swift in Sources */ = {isa = PBXBuildFile; fileRef = 17F932D82A876AFF000B2472 /* TMDBAPIManager.swift */; };
		17F932DB2A88745F000B2472 /* URL.swift in Sources */ = {isa = PBXBuildFile; fileRef = 17F932DA2A88745F000B2472 /* URL.swift */; };
/* End PBXBuildFile section */

/* Begin PBXFileReference section */
		17F932972A864904000B2472 /* MediaProject.app */ = {isa = PBXFileReference; explicitFileType = wrapper.application; includeInIndex = 0; path = MediaProject.app; sourceTree = BUILT_PRODUCTS_DIR; };
		17F9329A2A864904000B2472 /* AppDelegate.swift */ = {isa = PBXFileReference; lastKnownFileType = sourcecode.swift; path = AppDelegate.swift; sourceTree = "<group>"; };
		17F9329C2A864904000B2472 /* SceneDelegate.swift */ = {isa = PBXFileReference; lastKnownFileType = sourcecode.swift; path = SceneDelegate.swift; sourceTree = "<group>"; };
		17F9329E2A864904000B2472 /* ViewController.swift */ = {isa = PBXFileReference; lastKnownFileType = sourcecode.swift; path = ViewController.swift; sourceTree = "<group>"; };
		17F932A12A864904000B2472 /* Base */ = {isa = PBXFileReference; lastKnownFileType = file.storyboard; name = Base; path = Base.lproj/Main.storyboard; sourceTree = "<group>"; };
		17F932A32A864905000B2472 /* Assets.xcassets */ = {isa = PBXFileReference; lastKnownFileType = folder.assetcatalog; path = Assets.xcassets; sourceTree = "<group>"; };
		17F932A62A864905000B2472 /* Base */ = {isa = PBXFileReference; lastKnownFileType = file.storyboard; name = Base; path = Base.lproj/LaunchScreen.storyboard; sourceTree = "<group>"; };
		17F932A82A864905000B2472 /* Info.plist */ = {isa = PBXFileReference; lastKnownFileType = text.plist.xml; path = Info.plist; sourceTree = "<group>"; };
		17F932B72A86590E000B2472 /* TrendingTableViewCell.swift */ = {isa = PBXFileReference; lastKnownFileType = sourcecode.swift; path = TrendingTableViewCell.swift; sourceTree = "<group>"; };
		17F932B82A86590E000B2472 /* TrendingTableViewCell.xib */ = {isa = PBXFileReference; lastKnownFileType = file.xib; path = TrendingTableViewCell.xib; sourceTree = "<group>"; };
		17F932BB2A865FF6000B2472 /* TrendingMovieModel.swift */ = {isa = PBXFileReference; lastKnownFileType = sourcecode.swift; name = TrendingMovieModel.swift; path = MediaProject/DataModel/TrendingMovieModel.swift; sourceTree = SOURCE_ROOT; };
		17F932BF2A8663B1000B2472 /* TrendingMovieViewController.swift */ = {isa = PBXFileReference; lastKnownFileType = sourcecode.swift; path = TrendingMovieViewController.swift; sourceTree = "<group>"; };
		17F932C12A86659E000B2472 /* .gitignore */ = {isa = PBXFileReference; lastKnownFileType = text; path = .gitignore; sourceTree = "<group>"; };
		17F932C32A8665BF000B2472 /* APIKeys.swift */ = {isa = PBXFileReference; lastKnownFileType = sourcecode.swift; path = APIKeys.swift; sourceTree = "<group>"; };
		17F932C72A866FB6000B2472 /* CreditViewController.swift */ = {isa = PBXFileReference; lastKnownFileType = sourcecode.swift; path = CreditViewController.swift; sourceTree = "<group>"; };
		17F932C92A87188D000B2472 /* CreditDataModel.swift */ = {isa = PBXFileReference; lastKnownFileType = sourcecode.swift; name = CreditDataModel.swift; path = MediaProject/DataModel/CreditDataModel.swift; sourceTree = SOURCE_ROOT; };
		17F932CB2A871904000B2472 /* CreditTableViewCell.swift */ = {isa = PBXFileReference; lastKnownFileType = sourcecode.swift; path = CreditTableViewCell.swift; sourceTree = "<group>"; };
		17F932CC2A871904000B2472 /* CreditTableViewCell.xib */ = {isa = PBXFileReference; lastKnownFileType = file.xib; path = CreditTableViewCell.xib; sourceTree = "<group>"; };
		17F932D42A876848000B2472 /* EndPoint.swift */ = {isa = PBXFileReference; lastKnownFileType = sourcecode.swift; path = EndPoint.swift; sourceTree = "<group>"; };
		17F932D82A876AFF000B2472 /* TMDBAPIManager.swift */ = {isa = PBXFileReference; lastKnownFileType = sourcecode.swift; path = TMDBAPIManager.swift; sourceTree = "<group>"; };
		17F932DA2A88745F000B2472 /* URL.swift */ = {isa = PBXFileReference; lastKnownFileType = sourcecode.swift; path = URL.swift; sourceTree = SOURCE_ROOT; };
/* End PBXFileReference section */

/* Begin PBXFrameworksBuildPhase section */
		17F932942A864904000B2472 /* Frameworks */ = {
			isa = PBXFrameworksBuildPhase;
			buildActionMask = 2147483647;
			files = (
				17F932B62A86581E000B2472 /* SwiftyJSON in Frameworks */,
				17F932B02A8657FE000B2472 /* Kingfisher in Frameworks */,
				17F932B32A86580F000B2472 /* Alamofire in Frameworks */,
			);
			runOnlyForDeploymentPostprocessing = 0;
		};
/* End PBXFrameworksBuildPhase section */

/* Begin PBXGroup section */
		17F9328E2A864904000B2472 = {
			isa = PBXGroup;
			children = (
				17F932C12A86659E000B2472 /* .gitignore */,
				17F932992A864904000B2472 /* MediaProject */,
				17F932982A864904000B2472 /* Products */,
			);
			sourceTree = "<group>";
		};
		17F932982A864904000B2472 /* Products */ = {
			isa = PBXGroup;
			children = (
				17F932972A864904000B2472 /* MediaProject.app */,
			);
			name = Products;
			sourceTree = "<group>";
		};
		17F932992A864904000B2472 /* MediaProject */ = {
			isa = PBXGroup;
			children = (
				17F932CB2A871904000B2472 /* CreditTableViewCell.swift */,
				17F932D42A876848000B2472 /* EndPoint.swift */,
				17F932D82A876AFF000B2472 /* TMDBAPIManager.swift */,
				17F932DA2A88745F000B2472 /* URL.swift */,
				17F932CC2A871904000B2472 /* CreditTableViewCell.xib */,
				17F932CF2A871E10000B2472 /* DataModel */,
				17F9329A2A864904000B2472 /* AppDelegate.swift */,
				17F9329C2A864904000B2472 /* SceneDelegate.swift */,
				17F9329E2A864904000B2472 /* ViewController.swift */,
				17F932A02A864904000B2472 /* Main.storyboard */,
				17F932C72A866FB6000B2472 /* CreditViewController.swift */,
				17F932BF2A8663B1000B2472 /* TrendingMovieViewController.swift */,
				17F932B72A86590E000B2472 /* TrendingTableViewCell.swift */,
				17F932B82A86590E000B2472 /* TrendingTableViewCell.xib */,
				17F932A32A864905000B2472 /* Assets.xcassets */,
				17F932A52A864905000B2472 /* LaunchScreen.storyboard */,
				17F932A82A864905000B2472 /* Info.plist */,
				17F932C32A8665BF000B2472 /* APIKeys.swift */,
			);
			path = MediaProject;
			sourceTree = "<group>";
		};
		17F932CF2A871E10000B2472 /* DataModel */ = {
			isa = PBXGroup;
			children = (
				17F932C92A87188D000B2472 /* CreditDataModel.swift */,
				17F932BB2A865FF6000B2472 /* TrendingMovieModel.swift */,
			);
			path = DataModel;
			sourceTree = "<group>";
		};
/* End PBXGroup section */

/* Begin PBXNativeTarget section */
		17F932962A864904000B2472 /* MediaProject */ = {
			isa = PBXNativeTarget;
			buildConfigurationList = 17F932AB2A864905000B2472 /* Build configuration list for PBXNativeTarget "MediaProject" */;
			buildPhases = (
				17F932932A864904000B2472 /* Sources */,
				17F932942A864904000B2472 /* Frameworks */,
				17F932952A864904000B2472 /* Resources */,
			);
			buildRules = (
			);
			dependencies = (
			);
			name = MediaProject;
			packageProductDependencies = (
				17F932AF2A8657FE000B2472 /* Kingfisher */,
				17F932B22A86580F000B2472 /* Alamofire */,
				17F932B52A86581E000B2472 /* SwiftyJSON */,
			);
			productName = MediaProject;
			productReference = 17F932972A864904000B2472 /* MediaProject.app */;
			productType = "com.apple.product-type.application";
		};
/* End PBXNativeTarget section */

/* Begin PBXProject section */
		17F9328F2A864904000B2472 /* Project object */ = {
			isa = PBXProject;
			attributes = {
				BuildIndependentTargetsInParallel = 1;
				LastSwiftUpdateCheck = 1430;
				LastUpgradeCheck = 1430;
				TargetAttributes = {
					17F932962A864904000B2472 = {
						CreatedOnToolsVersion = 14.3.1;
					};
				};
			};
			buildConfigurationList = 17F932922A864904000B2472 /* Build configuration list for PBXProject "MediaProject" */;
			compatibilityVersion = "Xcode 14.0";
			developmentRegion = en;
			hasScannedForEncodings = 0;
			knownRegions = (
				en,
				Base,
			);
			mainGroup = 17F9328E2A864904000B2472;
			packageReferences = (
				17F932AE2A8657FE000B2472 /* XCRemoteSwiftPackageReference "Kingfisher" */,
				17F932B12A86580F000B2472 /* XCRemoteSwiftPackageReference "Alamofire" */,
				17F932B42A86581E000B2472 /* XCRemoteSwiftPackageReference "SwiftyJSON" */,
			);
			productRefGroup = 17F932982A864904000B2472 /* Products */;
			projectDirPath = "";
			projectRoot = "";
			targets = (
				17F932962A864904000B2472 /* MediaProject */,
			);
		};
/* End PBXProject section */

/* Begin PBXResourcesBuildPhase section */
		17F932952A864904000B2472 /* Resources */ = {
			isa = PBXResourcesBuildPhase;
			buildActionMask = 2147483647;
			files = (
				17F932C22A86659E000B2472 /* .gitignore in Resources */,
				17F932BA2A86590E000B2472 /* TrendingTableViewCell.xib in Resources */,
				17F932A72A864905000B2472 /* LaunchScreen.storyboard in Resources */,
				17F932A42A864905000B2472 /* Assets.xcassets in Resources */,
				17F932CE2A871904000B2472 /* CreditTableViewCell.xib in Resources */,
				17F932A22A864904000B2472 /* Main.storyboard in Resources */,
			);
			runOnlyForDeploymentPostprocessing = 0;
		};
/* End PBXResourcesBuildPhase section */

/* Begin PBXSourcesBuildPhase section */
		17F932932A864904000B2472 /* Sources */ = {
			isa = PBXSourcesBuildPhase;
			buildActionMask = 2147483647;
			files = (
				17F932C02A8663B1000B2472 /* TrendingMovieViewController.swift in Sources */,
				17F932B92A86590E000B2472 /* TrendingTableViewCell.swift in Sources */,
				17F932CD2A871904000B2472 /* CreditTableViewCell.swift in Sources */,
				17F932C42A8665BF000B2472 /* APIKeys.swift in Sources */,
				17F932CA2A87188D000B2472 /* CreditDataModel.swift in Sources */,
				17F932DB2A88745F000B2472 /* URL.swift in Sources */,
				17F9329F2A864904000B2472 /* ViewController.swift in Sources */,
				17F932D52A876848000B2472 /* EndPoint.swift in Sources */,
				17F9329B2A864904000B2472 /* AppDelegate.swift in Sources */,
				17F932BC2A865FF6000B2472 /* TrendingMovieModel.swift in Sources */,
				17F932D92A876AFF000B2472 /* TMDBAPIManager.swift in Sources */,
				17F9329D2A864904000B2472 /* SceneDelegate.swift in Sources */,
				17F932C82A866FB6000B2472 /* CreditViewController.swift in Sources */,
			);
			runOnlyForDeploymentPostprocessing = 0;
		};
/* End PBXSourcesBuildPhase section */

/* Begin PBXVariantGroup section */
		17F932A02A864904000B2472 /* Main.storyboard */ = {
			isa = PBXVariantGroup;
			children = (
				17F932A12A864904000B2472 /* Base */,
			);
			name = Main.storyboard;
			sourceTree = "<group>";
		};
		17F932A52A864905000B2472 /* LaunchScreen.storyboard */ = {
			isa = PBXVariantGroup;
			children = (
				17F932A62A864905000B2472 /* Base */,
			);
			name = LaunchScreen.storyboard;
			sourceTree = "<group>";
		};
/* End PBXVariantGroup section */

/* Begin XCBuildConfiguration section */
		17F932A92A864905000B2472 /* Debug */ = {
			isa = XCBuildConfiguration;
			buildSettings = {
				ALWAYS_SEARCH_USER_PATHS = NO;
				CLANG_ANALYZER_NONNULL = YES;
				CLANG_ANALYZER_NUMBER_OBJECT_CONVERSION = YES_AGGRESSIVE;
				CLANG_CXX_LANGUAGE_STANDARD = "gnu++20";
				CLANG_ENABLE_MODULES = YES;
				CLANG_ENABLE_OBJC_ARC = YES;
				CLANG_ENABLE_OBJC_WEAK = YES;
				CLANG_WARN_BLOCK_CAPTURE_AUTORELEASING = YES;
				CLANG_WARN_BOOL_CONVERSION = YES;
				CLANG_WARN_COMMA = YES;
				CLANG_WARN_CONSTANT_CONVERSION = YES;
				CLANG_WARN_DEPRECATED_OBJC_IMPLEMENTATIONS = YES;
				CLANG_WARN_DIRECT_OBJC_ISA_USAGE = YES_ERROR;
				CLANG_WARN_DOCUMENTATION_COMMENTS = YES;
				CLANG_WARN_EMPTY_BODY = YES;
				CLANG_WARN_ENUM_CONVERSION = YES;
				CLANG_WARN_INFINITE_RECURSION = YES;
				CLANG_WARN_INT_CONVERSION = YES;
				CLANG_WARN_NON_LITERAL_NULL_CONVERSION = YES;
				CLANG_WARN_OBJC_IMPLICIT_RETAIN_SELF = YES;
				CLANG_WARN_OBJC_LITERAL_CONVERSION = YES;
				CLANG_WARN_OBJC_ROOT_CLASS = YES_ERROR;
				CLANG_WARN_QUOTED_INCLUDE_IN_FRAMEWORK_HEADER = YES;
				CLANG_WARN_RANGE_LOOP_ANALYSIS = YES;
				CLANG_WARN_STRICT_PROTOTYPES = YES;
				CLANG_WARN_SUSPICIOUS_MOVE = YES;
				CLANG_WARN_UNGUARDED_AVAILABILITY = YES_AGGRESSIVE;
				CLANG_WARN_UNREACHABLE_CODE = YES;
				CLANG_WARN__DUPLICATE_METHOD_MATCH = YES;
				COPY_PHASE_STRIP = NO;
				DEBUG_INFORMATION_FORMAT = dwarf;
				ENABLE_STRICT_OBJC_MSGSEND = YES;
				ENABLE_TESTABILITY = YES;
				GCC_C_LANGUAGE_STANDARD = gnu11;
				GCC_DYNAMIC_NO_PIC = NO;
				GCC_NO_COMMON_BLOCKS = YES;
				GCC_OPTIMIZATION_LEVEL = 0;
				GCC_PREPROCESSOR_DEFINITIONS = (
					"DEBUG=1",
					"$(inherited)",
				);
				GCC_WARN_64_TO_32_BIT_CONVERSION = YES;
				GCC_WARN_ABOUT_RETURN_TYPE = YES_ERROR;
				GCC_WARN_UNDECLARED_SELECTOR = YES;
				GCC_WARN_UNINITIALIZED_AUTOS = YES_AGGRESSIVE;
				GCC_WARN_UNUSED_FUNCTION = YES;
				GCC_WARN_UNUSED_VARIABLE = YES;
				IPHONEOS_DEPLOYMENT_TARGET = 16.4;
				MTL_ENABLE_DEBUG_INFO = INCLUDE_SOURCE;
				MTL_FAST_MATH = YES;
				ONLY_ACTIVE_ARCH = YES;
				SDKROOT = iphoneos;
				SWIFT_ACTIVE_COMPILATION_CONDITIONS = DEBUG;
				SWIFT_OPTIMIZATION_LEVEL = "-Onone";
			};
			name = Debug;
		};
		17F932AA2A864905000B2472 /* Release */ = {
			isa = XCBuildConfiguration;
			buildSettings = {
				ALWAYS_SEARCH_USER_PATHS = NO;
				CLANG_ANALYZER_NONNULL = YES;
				CLANG_ANALYZER_NUMBER_OBJECT_CONVERSION = YES_AGGRESSIVE;
				CLANG_CXX_LANGUAGE_STANDARD = "gnu++20";
				CLANG_ENABLE_MODULES = YES;
				CLANG_ENABLE_OBJC_ARC = YES;
				CLANG_ENABLE_OBJC_WEAK = YES;
				CLANG_WARN_BLOCK_CAPTURE_AUTORELEASING = YES;
				CLANG_WARN_BOOL_CONVERSION = YES;
				CLANG_WARN_COMMA = YES;
				CLANG_WARN_CONSTANT_CONVERSION = YES;
				CLANG_WARN_DEPRECATED_OBJC_IMPLEMENTATIONS = YES;
				CLANG_WARN_DIRECT_OBJC_ISA_USAGE = YES_ERROR;
				CLANG_WARN_DOCUMENTATION_COMMENTS = YES;
				CLANG_WARN_EMPTY_BODY = YES;
				CLANG_WARN_ENUM_CONVERSION = YES;
				CLANG_WARN_INFINITE_RECURSION = YES;
				CLANG_WARN_INT_CONVERSION = YES;
				CLANG_WARN_NON_LITERAL_NULL_CONVERSION = YES;
				CLANG_WARN_OBJC_IMPLICIT_RETAIN_SELF = YES;
				CLANG_WARN_OBJC_LITERAL_CONVERSION = YES;
				CLANG_WARN_OBJC_ROOT_CLASS = YES_ERROR;
				CLANG_WARN_QUOTED_INCLUDE_IN_FRAMEWORK_HEADER = YES;
				CLANG_WARN_RANGE_LOOP_ANALYSIS = YES;
				CLANG_WARN_STRICT_PROTOTYPES = YES;
				CLANG_WARN_SUSPICIOUS_MOVE = YES;
				CLANG_WARN_UNGUARDED_AVAILABILITY = YES_AGGRESSIVE;
				CLANG_WARN_UNREACHABLE_CODE = YES;
				CLANG_WARN__DUPLICATE_METHOD_MATCH = YES;
				COPY_PHASE_STRIP = NO;
				DEBUG_INFORMATION_FORMAT = "dwarf-with-dsym";
				ENABLE_NS_ASSERTIONS = NO;
				ENABLE_STRICT_OBJC_MSGSEND = YES;
				GCC_C_LANGUAGE_STANDARD = gnu11;
				GCC_NO_COMMON_BLOCKS = YES;
				GCC_WARN_64_TO_32_BIT_CONVERSION = YES;
				GCC_WARN_ABOUT_RETURN_TYPE = YES_ERROR;
				GCC_WARN_UNDECLARED_SELECTOR = YES;
				GCC_WARN_UNINITIALIZED_AUTOS = YES_AGGRESSIVE;
				GCC_WARN_UNUSED_FUNCTION = YES;
				GCC_WARN_UNUSED_VARIABLE = YES;
				IPHONEOS_DEPLOYMENT_TARGET = 16.4;
				MTL_ENABLE_DEBUG_INFO = NO;
				MTL_FAST_MATH = YES;
				SDKROOT = iphoneos;
				SWIFT_COMPILATION_MODE = wholemodule;
				SWIFT_OPTIMIZATION_LEVEL = "-O";
				VALIDATE_PRODUCT = YES;
			};
			name = Release;
		};
		17F932AC2A864905000B2472 /* Debug */ = {
			isa = XCBuildConfiguration;
			buildSettings = {
				ASSETCATALOG_COMPILER_APPICON_NAME = AppIcon;
				ASSETCATALOG_COMPILER_GLOBAL_ACCENT_COLOR_NAME = AccentColor;
				CODE_SIGN_STYLE = Automatic;
				CURRENT_PROJECT_VERSION = 1;
				DEVELOPMENT_TEAM = H5BHKL6637;
				GENERATE_INFOPLIST_FILE = YES;
				INFOPLIST_FILE = MediaProject/Info.plist;
				INFOPLIST_KEY_UIApplicationSupportsIndirectInputEvents = YES;
				INFOPLIST_KEY_UILaunchStoryboardName = LaunchScreen;
				INFOPLIST_KEY_UIMainStoryboardFile = Main;
				INFOPLIST_KEY_UISupportedInterfaceOrientations_iPad = "UIInterfaceOrientationPortrait UIInterfaceOrientationPortraitUpsideDown UIInterfaceOrientationLandscapeLeft UIInterfaceOrientationLandscapeRight";
				INFOPLIST_KEY_UISupportedInterfaceOrientations_iPhone = "UIInterfaceOrientationPortrait UIInterfaceOrientationLandscapeLeft UIInterfaceOrientationLandscapeRight";
				LD_RUNPATH_SEARCH_PATHS = (
					"$(inherited)",
					"@executable_path/Frameworks",
				);
				MARKETING_VERSION = 1.0;
				PRODUCT_BUNDLE_IDENTIFIER = com.hyeonseok.MediaProject;
				PRODUCT_NAME = "$(TARGET_NAME)";
				SWIFT_EMIT_LOC_STRINGS = YES;
				SWIFT_VERSION = 5.0;
				TARGETED_DEVICE_FAMILY = "1,2";
			};
			name = Debug;
		};
		17F932AD2A864905000B2472 /* Release */ = {
			isa = XCBuildConfiguration;
			buildSettings = {
				ASSETCATALOG_COMPILER_APPICON_NAME = AppIcon;
				ASSETCATALOG_COMPILER_GLOBAL_ACCENT_COLOR_NAME = AccentColor;
				CODE_SIGN_STYLE = Automatic;
				CURRENT_PROJECT_VERSION = 1;
				DEVELOPMENT_TEAM = H5BHKL6637;
				GENERATE_INFOPLIST_FILE = YES;
				INFOPLIST_FILE = MediaProject/Info.plist;
				INFOPLIST_KEY_UIApplicationSupportsIndirectInputEvents = YES;
				INFOPLIST_KEY_UILaunchStoryboardName = LaunchScreen;
				INFOPLIST_KEY_UIMainStoryboardFile = Main;
				INFOPLIST_KEY_UISupportedInterfaceOrientations_iPad = "UIInterfaceOrientationPortrait UIInterfaceOrientationPortraitUpsideDown UIInterfaceOrientationLandscapeLeft UIInterfaceOrientationLandscapeRight";
				INFOPLIST_KEY_UISupportedInterfaceOrientations_iPhone = "UIInterfaceOrientationPortrait UIInterfaceOrientationLandscapeLeft UIInterfaceOrientationLandscapeRight";
				LD_RUNPATH_SEARCH_PATHS = (
					"$(inherited)",
					"@executable_path/Frameworks",
				);
				MARKETING_VERSION = 1.0;
				PRODUCT_BUNDLE_IDENTIFIER = com.hyeonseok.MediaProject;
				PRODUCT_NAME = "$(TARGET_NAME)";
				SWIFT_EMIT_LOC_STRINGS = YES;
				SWIFT_VERSION = 5.0;
				TARGETED_DEVICE_FAMILY = "1,2";
			};
			name = Release;
		};
/* End XCBuildConfiguration section */

/* Begin XCConfigurationList section */
		17F932922A864904000B2472 /* Build configuration list for PBXProject "MediaProject" */ = {
			isa = XCConfigurationList;
			buildConfigurations = (
				17F932A92A864905000B2472 /* Debug */,
				17F932AA2A864905000B2472 /* Release */,
			);
			defaultConfigurationIsVisible = 0;
			defaultConfigurationName = Release;
		};
		17F932AB2A864905000B2472 /* Build configuration list for PBXNativeTarget "MediaProject" */ = {
			isa = XCConfigurationList;
			buildConfigurations = (
				17F932AC2A864905000B2472 /* Debug */,
				17F932AD2A864905000B2472 /* Release */,
			);
			defaultConfigurationIsVisible = 0;
			defaultConfigurationName = Release;
		};
/* End XCConfigurationList section */

/* Begin XCRemoteSwiftPackageReference section */
		17F932AE2A8657FE000B2472 /* XCRemoteSwiftPackageReference "Kingfisher" */ = {
			isa = XCRemoteSwiftPackageReference;
			repositoryURL = "https://github.com/onevcat/Kingfisher.git";
			requirement = {
				kind = upToNextMajorVersion;
				minimumVersion = 7.0.0;
			};
		};
		17F932B12A86580F000B2472 /* XCRemoteSwiftPackageReference "Alamofire" */ = {
			isa = XCRemoteSwiftPackageReference;
			repositoryURL = "https://github.com/Alamofire/Alamofire.git";
			requirement = {
				kind = upToNextMajorVersion;
				minimumVersion = 5.0.0;
			};
		};
		17F932B42A86581E000B2472 /* XCRemoteSwiftPackageReference "SwiftyJSON" */ = {
			isa = XCRemoteSwiftPackageReference;
			repositoryURL = "https://github.com/SwiftyJSON/SwiftyJSON.git";
			requirement = {
				kind = upToNextMajorVersion;
				minimumVersion = 5.0.0;
			};
		};
/* End XCRemoteSwiftPackageReference section */

/* Begin XCSwiftPackageProductDependency section */
		17F932AF2A8657FE000B2472 /* Kingfisher */ = {
			isa = XCSwiftPackageProductDependency;
			package = 17F932AE2A8657FE000B2472 /* XCRemoteSwiftPackageReference "Kingfisher" */;
			productName = Kingfisher;
		};
		17F932B22A86580F000B2472 /* Alamofire */ = {
			isa = XCSwiftPackageProductDependency;
			package = 17F932B12A86580F000B2472 /* XCRemoteSwiftPackageReference "Alamofire" */;
			productName = Alamofire;
		};
		17F932B52A86581E000B2472 /* SwiftyJSON */ = {
			isa = XCSwiftPackageProductDependency;
			package = 17F932B42A86581E000B2472 /* XCRemoteSwiftPackageReference "SwiftyJSON" */;
			productName = SwiftyJSON;
		};
/* End XCSwiftPackageProductDependency section */
	};
	rootObject = 17F9328F2A864904000B2472 /* Project object */;
}
